
Microsoft Visual Studio Solution File, Format Version 12.00
# Visual Studio Version 17
VisualStudioVersion = 17.14.37216.2 d17.14
MinimumVisualStudioVersion = 10.0.40219.1
Project("{FAE04EC0-301F-11D3-BF4B-00C04F79EFBC}") = "Travel.API", "Travel.API\Travel.API.csproj", "{ED7BB6C3-F8BA-4CAD-AF7A-10A89CE48F4E}"
EndProject
Project("{FAE04EC0-301F-11D3-BF4B-00C04F79EFBC}") = "Travel.Domain", "Travel.Domain\Travel.Domain.csproj", "{74D6DEB5-34F4-455F-B827-7ACFA7631C77}"
EndProject
Project("{FAE04EC0-301F-11D3-BF4B-00C04F79EFBC}") = "Travel.Application", "Travel.Application\Travel.Application.csproj", "{E5DFCD7F-173D-4C2B-B953-F928C0D4D5E0}"
EndProject
Project("{FAE04EC0-301F-11D3-BF4B-00C04F79EFBC}") = "Travel.Persistence", "Travel.Persistence\Travel.Persistence.csproj", "{5E9C0CF0-334A-4A81-AE12-0D538076A59C}"
EndProject
Project("{FAE04EC0-301F-11D3-BF4B-00C04F79EFBC}") = "Travel.Infrastructure", "Travel.Infrastructure\Travel.Infrastructure.csproj", "{085F64FD-4B19-479C-AAD1-A69D61C4B10D}"
EndProject
Global
	GlobalSection(SolutionConfigurationPlatforms) = preSolution
		Debug|Any CPU = Debug|Any CPU
		Release|Any CPU = Release|Any CPU
	EndGlobalSection
	GlobalSection(ProjectConfigurationPlatforms) = postSolution
		{ED7BB6C3-F8BA-4CAD-AF7A-10A89CE48F4E}.Debug|Any CPU.ActiveCfg = Debug|Any CPU
		{ED7BB6C3-F8BA-4CAD-AF7A-10A89CE48F4E}.Debug|Any CPU.Build.0 = Debug|Any CPU
		{ED7BB6C3-F8BA-4CAD-AF7A-10A89CE48F4E}.Release|Any CPU.ActiveCfg = Release|Any CPU
		{ED7BB6C3-F8BA-4CAD-AF7A-10A89CE48F4E}.Release|Any CPU.Build.0 = Release|Any CPU
		{74D6DEB5-34F4-455F-B827-7ACFA7631C77}.Debug|Any CPU.ActiveCfg = Debug|Any CPU
		{74D6DEB5-34F4-455F-B827-7ACFA7631C77}.Debug|Any CPU.Build.0 = Debug|Any CPU
		{74D6DEB5-34F4-455F-B827-7ACFA7631C77}.Release|Any CPU.ActiveCfg = Release|Any CPU
		{74D6DEB5-34F4-455F-B827-7ACFA7631C77}.Release|Any CPU.Build.0 = Release|Any CPU
		{E5DFCD7F-173D-4C2B-B953-F928C0D4D5E0}.Debug|Any CPU.ActiveCfg = Debug|Any CPU
		{E5DFCD7F-173D-4C2B-B953-F928C0D4D5E0}.Debug|Any CPU.Build.0 = Debug|Any CPU
		{E5DFCD7F-173D-4C2B-B953-F928C0D4D5E0}.Release|Any CPU.ActiveCfg = Release|Any CPU
		{E5DFCD7F-173D-4C2B-B953-F928C0D4D5E0}.Release|Any CPU.Build.0 = Release|Any CPU
		{5E9C0CF0-334A-4A81-AE12-0D538076A59C}.Debug|Any CPU.ActiveCfg = Debug|Any CPU
		{5E9C0CF0-334A-4A81-AE12-0D538076A59C}.Debug|Any CPU.Build.0 = Debug|Any CPU
		{5E9C0CF0-334A-4A81-AE12-0D538076A59C}.Release|Any CPU.ActiveCfg = Release|Any CPU
		{5E9C0CF0-334A-4A81-AE12-0D538076A59C}.Release|Any CPU.Build.0 = Release|Any CPU
		{085F64FD-4B19-479C-AAD1-A69D61C4B10D}.Debug|Any CPU.ActiveCfg = Debug|Any CPU
		{085F64FD-4B19-479C-AAD1-A69D61C4B10D}.Debug|Any CPU.Build.0 = Debug|Any CPU
		{085F64FD-4B19-479C-AAD1-A69D61C4B10D}.Release|Any CPU.ActiveCfg = Release|Any CPU
		{085F64FD-4B19-479C-AAD1-A69D61C4B10D}.Release|Any CPU.Build.0 = Release|Any CPU
	EndGlobalSection
	GlobalSection(SolutionProperties) = preSolution
		HideSolutionNode = FALSE
	EndGlobalSection
	GlobalSection(ExtensibilityGlobals) = postSolution
		SolutionGuid = {DC46F342-F43A-4385-9C39-2E15EA917772}
	EndGlobalSection
EndGlobal
